# THIS IS AN AUTOGENERATED FILE. DO NOT EDIT THIS FILE DIRECTLY.
# yarn lockfile v1


"@popperjs/core@^2.9.2":
  version "2.9.2"
  resolved "https://registry.npm.taobao.org/@popperjs/core/download/@popperjs/core-2.9.2.tgz#adea7b6953cbb34651766b0548468e743c6a2353"
  integrity sha1-rep7aVPLs0ZRdmsFSEaOdDxqI1M=

"@vant/area-data@^1.1.1":
  version "1.1.1"
  resolved "https://registry.nlark.com/@vant/area-data/download/@vant/area-data-1.1.1.tgz#b9acf8a804c0d60f721b6900680299422b006b1a"
  integrity sha1-uaz4qATA1g9yG2kAaAKZQisAaxo=

"@vant/icons@^1.7.0":
  version "1.7.0"
  resolved "https://registry.npmjs.org/@vant/icons/-/icons-1.7.0.tgz#02d427532a8142c35db159da9c364fe6890c3ac9"
  integrity sha512-sqKvtYcSgSd6+AU1nBPaZARn2Nzf8hi0ErLhfXVR6f+Y7R0gojGZVoxuB83yUI6+0LwbitW5IfN3E6qzEsu21Q==

"@vant/lazyload@^1.2.0":
  version "1.2.0"
  resolved "https://registry.nlark.com/@vant/lazyload/download/@vant/lazyload-1.2.0.tgz?cache=0&sync_timestamp=1620006645125&other_urls=https%3A%2F%2Fregistry.nlark.com%2F%40vant%2Flazyload%2Fdownload%2F%40vant%2Flazyload-1.2.0.tgz#62e9779bd7844ad8f71c2ca2bf852e6147c7a86d"
  integrity sha1-Yul3m9eEStj3HCyiv4UuYUfHqG0=

"@vant/popperjs@^1.1.0":
  version "1.1.0"
  resolved "https://registry.npm.taobao.org/@vant/popperjs/download/@vant/popperjs-1.1.0.tgz?cache=0&sync_timestamp=1617712476713&other_urls=https%3A%2F%2Fregistry.npm.taobao.org%2F%40vant%2Fpopperjs%2Fdownload%2F%40vant%2Fpopperjs-1.1.0.tgz#b4edee5bbfa6fb18705986e313d4fd5f17942a0f"
  integrity sha1-tO3uW7+m+xhwWYbjE9T9XxeUKg8=
  dependencies:
    "@popperjs/core" "^2.9.2"

"@vant/use@^1.3.0":
  version "1.3.0"
  resolved "https://registry.nlark.com/@vant/use/download/@vant/use-1.3.0.tgz#b7d461c00078f7501ff7678771f1431fbf747b42"
  integrity sha1-t9RhwAB491Af92eHcfFDH790e0I=
