# THIS IS AN AUTOGENERATED FILE. DO NOT EDIT THIS FILE DIRECTLY.
# yarn lockfile v1


stylelint-config-prettier@^8.0.1:
  version "8.0.1"
  resolved "https://registry.npm.taobao.org/stylelint-config-prettier/download/stylelint-config-prettier-8.0.1.tgz?cache=0&other_urls=https%3A%2F%2Fregistry.npm.taobao.org%2Fstylelint-config-prettier%2Fdownload%2Fstylelint-config-prettier-8.0.1.tgz#ec7cdd7faabaff52ebfa56c28fed3d995ebb8cab"
  integrity sha1-7Hzdf6q6/1Lr+lbCj+09mV67jKs=

stylelint-config-recommended@^3.0.0:
  version "3.0.0"
  resolved "https://registry.yarnpkg.com/stylelint-config-recommended/-/stylelint-config-recommended-3.0.0.tgz#e0e547434016c5539fe2650afd58049a2fd1d657"
  integrity sha512-F6yTRuc06xr1h5Qw/ykb2LuFynJ2IxkKfCMf+1xqPffkxh0S09Zc902XCffcsw/XMFq/OzQ1w54fLIDtmRNHnQ==

stylelint-config-standard@^20.0.0:
  version "20.0.0"
  resolved "https://registry.npm.taobao.org/stylelint-config-standard/download/stylelint-config-standard-20.0.0.tgz#06135090c9e064befee3d594289f50e295b5e20d"
  integrity sha1-BhNQkMngZL7+49WUKJ9Q4pW14g0=
  dependencies:
    stylelint-config-recommended "^3.0.0"
