# THIS IS AN AUTOGENERATED FILE. DO NOT EDIT THIS FILE DIRECTLY.
# yarn lockfile v1


"@babel/runtime@7.x":
  version "7.8.7"
  resolved "http://registry.npm.qima-inc.com/@babel/runtime/download/@babel/runtime-7.8.7.tgz#8fefce9802db54881ba59f90bb28719b4996324d"
  integrity sha1-j+/OmALbVIgbpZ+Quyhxm0mWMk0=
  dependencies:
    regenerator-runtime "^0.13.4"

"@types/color-name@^1.1.1":
  version "1.1.1"
  resolved "http://registry.npm.qima-inc.com/@types/color-name/download/@types/color-name-1.1.1.tgz#1c1261bbeaa10a8055bbc5d8ab84b7b2afc846a0"
  integrity sha1-HBJhu+qhCoBVu8XYq4S3sq/IRqA=

"@vant/icons@1.2.1":
  version "1.2.1"
  resolved "http://registry.npm.qima-inc.com/@vant/icons/download/@vant/icons-1.2.1.tgz#309fecb97a4989866f045ce676b545c454701c8f"
  integrity sha1-MJ/suXpJiYZvBFzmdrVFxFRwHI8=

"@vant/markdown-loader@^2.3.0":
  version "2.3.0"
  resolved "http://registry.npm.qima-inc.com/@vant/markdown-loader/download/@vant/markdown-loader-2.3.0.tgz#ea8ab4d8d41609839b40b817bc3a598cf13f9920"
  integrity sha1-6oq02NQWCYObQLgXvDpZjPE/mSA=
  dependencies:
    front-matter "^3.0.2"
    highlight.js "^9.16.2"
    loader-utils "^1.2.3"
    markdown-it "^10.0.0"
    markdown-it-anchor "^5.2.5"
    transliteration "^2.1.7"

"@vue/babel-helper-vue-jsx-merge-props@^1.0.0":
  version "1.0.0"
  resolved "http://registry.npm.qima-inc.com/@vue/babel-helper-vue-jsx-merge-props/download/@vue/babel-helper-vue-jsx-merge-props-1.0.0.tgz#048fe579958da408fb7a8b2a3ec050b50a661040"
  integrity sha1-BI/leZWNpAj7eosqPsBQtQpmEEA=

ansi-regex@^5.0.0:
  version "5.0.0"
  resolved "http://registry.npm.qima-inc.com/ansi-regex/download/ansi-regex-5.0.0.tgz#388539f55179bf39339c81af30a654d69f87cb75"
  integrity sha1-OIU59VF5vzkznIGvMKZU1p+Hy3U=

ansi-styles@^4.0.0:
  version "4.2.1"
  resolved "http://registry.npm.qima-inc.com/ansi-styles/download/ansi-styles-4.2.1.tgz#90ae75c424d008d2624c5bf29ead3177ebfcf359"
  integrity sha1-kK51xCTQCNJiTFvynq0xd+v881k=
  dependencies:
    "@types/color-name" "^1.1.1"
    color-convert "^2.0.1"

argparse@^1.0.7:
  version "1.0.10"
  resolved "http://registry.npm.qima-inc.com/argparse/download/argparse-1.0.10.tgz#bcd6791ea5ae09725e17e5ad988134cd40b3d911"
  integrity sha1-vNZ5HqWuCXJeF+WtmIE0zUCz2RE=
  dependencies:
    sprintf-js "~1.0.2"

big.js@^5.2.2:
  version "5.2.2"
  resolved "http://registry.npm.qima-inc.com/big.js/download/big.js-5.2.2.tgz#65f0af382f578bcdc742bd9c281e9cb2d7768328"
  integrity sha1-ZfCvOC9Xi83HQr2cKB6cstd2gyg=

camelcase@^5.0.0:
  version "5.3.1"
  resolved "http://registry.npm.qima-inc.com/camelcase/download/camelcase-5.3.1.tgz#e3c9b31569e106811df242f715725a1f4c494320"
  integrity sha1-48mzFWnhBoEd8kL3FXJaH0xJQyA=

cliui@^6.0.0:
  version "6.0.0"
  resolved "http://registry.npm.qima-inc.com/cliui/download/cliui-6.0.0.tgz#511d702c0c4e41ca156d7d0e96021f23e13225b1"
  integrity sha1-UR1wLAxOQcoVbX0OlgIfI+EyJbE=
  dependencies:
    string-width "^4.2.0"
    strip-ansi "^6.0.0"
    wrap-ansi "^6.2.0"

color-convert@^2.0.1:
  version "2.0.1"
  resolved "http://registry.npm.qima-inc.com/color-convert/download/color-convert-2.0.1.tgz#72d3a68d598c9bdb3af2ad1e84f21d896abd4de3"
  integrity sha1-ctOmjVmMm9s68q0ehPIdiWq9TeM=
  dependencies:
    color-name "~1.1.4"

color-name@~1.1.4:
  version "1.1.4"
  resolved "http://registry.npm.qima-inc.com/color-name/download/color-name-1.1.4.tgz#c2a09a87acbde69543de6f63fa3995c826c536a2"
  integrity sha1-wqCah6y95pVD3m9j+jmVyCbFNqI=

decamelize@^1.2.0:
  version "1.2.0"
  resolved "http://registry.npm.qima-inc.com/decamelize/download/decamelize-1.2.0.tgz#f6534d15148269b20352e7bee26f501f9a191290"
  integrity sha1-9lNNFRSCabIDUue+4m9QH5oZEpA=

emoji-regex@^8.0.0:
  version "8.0.0"
  resolved "http://registry.npm.qima-inc.com/emoji-regex/download/emoji-regex-8.0.0.tgz#e818fd69ce5ccfcb404594f842963bf53164cc37"
  integrity sha1-6Bj9ac5cz8tARZT4QpY79TFkzDc=

emojis-list@^3.0.0:
  version "3.0.0"
  resolved "http://registry.npm.qima-inc.com/emojis-list/download/emojis-list-3.0.0.tgz#5570662046ad29e2e916e71aae260abdff4f6a78"
  integrity sha1-VXBmIEatKeLpFucariYKvf9Pang=

entities@~2.0.0:
  version "2.0.0"
  resolved "http://registry.npm.qima-inc.com/entities/download/entities-2.0.0.tgz#68d6084cab1b079767540d80e56a39b423e4abf4"
  integrity sha1-aNYITKsbB5dnVA2A5Wo5tCPkq/Q=

esprima@^4.0.0:
  version "4.0.1"
  resolved "http://registry.npm.qima-inc.com/esprima/download/esprima-4.0.1.tgz#13b04cdb3e6c5d19df91ab6987a8695619b0aa71"
  integrity sha1-E7BM2z5sXRnfkatph6hpVhmwqnE=

find-up@^4.1.0:
  version "4.1.0"
  resolved "http://registry.npm.qima-inc.com/find-up/download/find-up-4.1.0.tgz#97afe7d6cdc0bc5928584b7c8d7b16e8a9aa5d19"
  integrity sha1-l6/n1s3AvFkoWEt8jXsW6KmqXRk=
  dependencies:
    locate-path "^5.0.0"
    path-exists "^4.0.0"

front-matter@^3.0.2:
  version "3.1.0"
  resolved "http://registry.npm.qima-inc.com/front-matter/download/front-matter-3.1.0.tgz#a0b758c3c6c39ce43e107dd0909a57d42964c2de"
  integrity sha1-oLdYw8bDnOQ+EH3QkJpX1Clkwt4=
  dependencies:
    js-yaml "^3.13.1"

get-caller-file@^2.0.1:
  version "2.0.5"
  resolved "http://registry.npm.qima-inc.com/get-caller-file/download/get-caller-file-2.0.5.tgz#4f94412a82db32f36e3b0b9741f8a97feb031f7e"
  integrity sha1-T5RBKoLbMvNuOwuXQfipf+sDH34=

highlight.js@^9.16.2, highlight.js@^9.18.1:
  version "9.18.1"
  resolved "http://registry.npm.qima-inc.com/highlight.js/download/highlight.js-9.18.1.tgz#ed21aa001fe6252bb10a3d76d47573c6539fe13c"
  integrity sha1-7SGqAB/mJSuxCj121HVzxlOf4Tw=

is-fullwidth-code-point@^3.0.0:
  version "3.0.0"
  resolved "http://registry.npm.qima-inc.com/is-fullwidth-code-point/download/is-fullwidth-code-point-3.0.0.tgz#f116f8064fe90b3f7844a38997c0b75051269f1d"
  integrity sha1-8Rb4Bk/pCz94RKOJl8C3UFEmnx0=

js-yaml@^3.13.1:
  version "3.13.1"
  resolved "http://registry.npm.qima-inc.com/js-yaml/download/js-yaml-3.13.1.tgz#aff151b30bfdfa8e49e05da22e7415e9dfa37847"
  integrity sha1-r/FRswv9+o5J4F2iLnQV6d+jeEc=
  dependencies:
    argparse "^1.0.7"
    esprima "^4.0.0"

json5@^1.0.1:
  version "1.0.1"
  resolved "http://registry.npm.qima-inc.com/json5/download/json5-1.0.1.tgz#779fb0018604fa854eacbf6252180d83543e3dbe"
  integrity sha1-d5+wAYYE+oVOrL9iUhgNg1Q+Pb4=
  dependencies:
    minimist "^1.2.0"

linkify-it@^2.0.0:
  version "2.2.0"
  resolved "http://registry.npm.qima-inc.com/linkify-it/download/linkify-it-2.2.0.tgz#e3b54697e78bf915c70a38acd78fd09e0058b1cf"
  integrity sha1-47VGl+eL+RXHCjis14/QngBYsc8=
  dependencies:
    uc.micro "^1.0.1"

loader-utils@^1.2.3:
  version "1.4.0"
  resolved "http://registry.npm.qima-inc.com/loader-utils/download/loader-utils-1.4.0.tgz#c579b5e34cb34b1a74edc6c1fb36bfa371d5a613"
  integrity sha1-xXm140yzSxp07cbB+za/o3HVphM=
  dependencies:
    big.js "^5.2.2"
    emojis-list "^3.0.0"
    json5 "^1.0.1"

locate-path@^5.0.0:
  version "5.0.0"
  resolved "http://registry.npm.qima-inc.com/locate-path/download/locate-path-5.0.0.tgz#1afba396afd676a6d42504d0a67a3a7eb9f62aa0"
  integrity sha1-Gvujlq/WdqbUJQTQpno6frn2KqA=
  dependencies:
    p-locate "^4.1.0"

markdown-it-anchor@^5.2.5:
  version "5.2.5"
  resolved "http://registry.npm.qima-inc.com/markdown-it-anchor/download/markdown-it-anchor-5.2.5.tgz#dbf13cfcdbffd16a510984f1263e1d479a47d27a"
  integrity sha1-2/E8/Nv/0WpRCYTxJj4dR5pH0no=

markdown-it-container@^2.0.0:
  version "2.0.0"
  resolved "http://registry.npm.qima-inc.com/markdown-it-container/download/markdown-it-container-2.0.0.tgz#0019b43fd02eefece2f1960a2895fba81a404695"
  integrity sha1-ABm0P9Au7+zi8ZYKKJX7qBpARpU=

markdown-it@^10.0.0:
  version "10.0.0"
  resolved "http://registry.npm.qima-inc.com/markdown-it/download/markdown-it-10.0.0.tgz#abfc64f141b1722d663402044e43927f1f50a8dc"
  integrity sha1-q/xk8UGxci1mNAIETkOSfx9QqNw=
  dependencies:
    argparse "^1.0.7"
    entities "~2.0.0"
    linkify-it "^2.0.0"
    mdurl "^1.0.1"
    uc.micro "^1.0.5"

mdurl@^1.0.1:
  version "1.0.1"
  resolved "http://registry.npm.qima-inc.com/mdurl/download/mdurl-1.0.1.tgz#fe85b2ec75a59037f2adfec100fd6c601761152e"
  integrity sha1-/oWy7HWlkDfyrf7BAP1sYBdhFS4=

minimist@^1.2.0:
  version "1.2.4"
  resolved "http://registry.npm.qima-inc.com/minimist/download/minimist-1.2.4.tgz#40357ef9582f8cd42ba8eaa274ddcf27f0c979b7"
  integrity sha1-QDV++VgvjNQrqOqidN3PJ/DJebc=

p-limit@^2.2.0:
  version "2.2.2"
  resolved "http://registry.npm.qima-inc.com/p-limit/download/p-limit-2.2.2.tgz#61279b67721f5287aa1c13a9a7fbbc48c9291b1e"
  integrity sha1-YSebZ3IfUoeqHBOpp/u8SMkpGx4=
  dependencies:
    p-try "^2.0.0"

p-locate@^4.1.0:
  version "4.1.0"
  resolved "http://registry.npm.qima-inc.com/p-locate/download/p-locate-4.1.0.tgz#a3428bb7088b3a60292f66919278b7c297ad4f07"
  integrity sha1-o0KLtwiLOmApL2aRkni3wpetTwc=
  dependencies:
    p-limit "^2.2.0"

p-try@^2.0.0:
  version "2.2.0"
  resolved "http://registry.npm.qima-inc.com/p-try/download/p-try-2.2.0.tgz#cb2868540e313d61de58fafbe35ce9004d5540e6"
  integrity sha1-yyhoVA4xPWHeWPr741zpAE1VQOY=

path-exists@^4.0.0:
  version "4.0.0"
  resolved "http://registry.npm.qima-inc.com/path-exists/download/path-exists-4.0.0.tgz#513bdbe2d3b95d7762e8c1137efa195c6c61b5b3"
  integrity sha1-UTvb4tO5XXdi6METfvoZXGxhtbM=

regenerator-runtime@^0.13.4:
  version "0.13.4"
  resolved "http://registry.npm.qima-inc.com/regenerator-runtime/download/regenerator-runtime-0.13.4.tgz#e96bf612a3362d12bb69f7e8f74ffeab25c7ac91"
  integrity sha1-6Wv2EqM2LRK7affo90/+qyXHrJE=

require-directory@^2.1.1:
  version "2.1.1"
  resolved "http://registry.npm.qima-inc.com/require-directory/download/require-directory-2.1.1.tgz#8c64ad5fd30dab1c976e2344ffe7f792a6a6df42"
  integrity sha1-jGStX9MNqxyXbiNE/+f3kqam30I=

require-main-filename@^2.0.0:
  version "2.0.0"
  resolved "http://registry.npm.qima-inc.com/require-main-filename/download/require-main-filename-2.0.0.tgz#d0b329ecc7cc0f61649f62215be69af54aa8989b"
  integrity sha1-0LMp7MfMD2Fkn2IhW+aa9UqomJs=

set-blocking@^2.0.0:
  version "2.0.0"
  resolved "http://registry.npm.qima-inc.com/set-blocking/download/set-blocking-2.0.0.tgz#045f9782d011ae9a6803ddd382b24392b3d890f7"
  integrity sha1-BF+XgtARrppoA93TgrJDkrPYkPc=

sprintf-js@~1.0.2:
  version "1.0.3"
  resolved "http://registry.npm.qima-inc.com/sprintf-js/download/sprintf-js-1.0.3.tgz#04e6926f662895354f3dd015203633b857297e2c"
  integrity sha1-BOaSb2YolTVPPdAVIDYzuFcpfiw=

string-width@^4.1.0, string-width@^4.2.0:
  version "4.2.0"
  resolved "http://registry.npm.qima-inc.com/string-width/download/string-width-4.2.0.tgz#952182c46cc7b2c313d1596e623992bd163b72b5"
  integrity sha1-lSGCxGzHssMT0VluYjmSvRY7crU=
  dependencies:
    emoji-regex "^8.0.0"
    is-fullwidth-code-point "^3.0.0"
    strip-ansi "^6.0.0"

strip-ansi@^6.0.0:
  version "6.0.0"
  resolved "http://registry.npm.qima-inc.com/strip-ansi/download/strip-ansi-6.0.0.tgz#0b1571dd7669ccd4f3e06e14ef1eed26225ae532"
  integrity sha1-CxVx3XZpzNTz4G4U7x7tJiJa5TI=
  dependencies:
    ansi-regex "^5.0.0"

transliteration@^2.1.7:
  version "2.1.8"
  resolved "http://registry.npm.qima-inc.com/transliteration/download/transliteration-2.1.8.tgz#b2a032107be42910dbb792ff96b39938114a4eb8"
  integrity sha1-sqAyEHvkKRDbt5L/lrOZOBFKTrg=
  dependencies:
    yargs "^15.0.2"

uc.micro@^1.0.1, uc.micro@^1.0.5:
  version "1.0.6"
  resolved "http://registry.npm.qima-inc.com/uc.micro/download/uc.micro-1.0.6.tgz#9c411a802a409a91fc6cf74081baba34b24499ac"
  integrity sha1-nEEagCpAmpH8bPdAgbq6NLJEmaw=

vant@^2.5.5:
  version "2.5.5"
  resolved "http://registry.npm.qima-inc.com/vant/download/vant-2.5.5.tgz#4484e4224127a88a47147b35ab52a91bacc2e939"
  integrity sha1-RITkIkEnqIpHFHs1q1KpG6zC6Tk=
  dependencies:
    "@babel/runtime" "7.x"
    "@vant/icons" "1.2.1"
    "@vue/babel-helper-vue-jsx-merge-props" "^1.0.0"
    vue-lazyload "1.2.3"

vue-lazyload@1.2.3:
  version "1.2.3"
  resolved "http://registry.npm.qima-inc.com/vue-lazyload/download/vue-lazyload-1.2.3.tgz#901f9ec15c7e6ca78781a2bae4a343686bdedb2c"
  integrity sha1-kB+ewVx+bKeHgaK65KNDaGve2yw=

which-module@^2.0.0:
  version "2.0.0"
  resolved "http://registry.npm.qima-inc.com/which-module/download/which-module-2.0.0.tgz#d9ef07dce77b9902b8a3a8fa4b31c3e3f7e6e87a"
  integrity sha1-2e8H3Od7mQK4o6j6SzHD4/fm6Ho=

wrap-ansi@^6.2.0:
  version "6.2.0"
  resolved "http://registry.npm.qima-inc.com/wrap-ansi/download/wrap-ansi-6.2.0.tgz#e9393ba07102e6c91a3b221478f0257cd2856e53"
  integrity sha1-6Tk7oHEC5skaOyIUePAlfNKFblM=
  dependencies:
    ansi-styles "^4.0.0"
    string-width "^4.1.0"
    strip-ansi "^6.0.0"

y18n@^4.0.0:
  version "4.0.0"
  resolved "http://registry.npm.qima-inc.com/y18n/download/y18n-4.0.0.tgz#95ef94f85ecc81d007c264e190a120f0a3c8566b"
  integrity sha1-le+U+F7MgdAHwmThkKEg8KPIVms=

yargs-parser@^18.1.0:
  version "18.1.0"
  resolved "http://registry.npm.qima-inc.com/yargs-parser/download/yargs-parser-18.1.0.tgz#1b0ab1118ebd41f68bb30e729f4c83df36ae84c3"
  integrity sha1-GwqxEY69QfaLsw5yn0yD3zauhMM=
  dependencies:
    camelcase "^5.0.0"
    decamelize "^1.2.0"

yargs@^15.0.2:
  version "15.3.0"
  resolved "http://registry.npm.qima-inc.com/yargs/download/yargs-15.3.0.tgz#403af6edc75b3ae04bf66c94202228ba119f0976"
  integrity sha1-QDr27cdbOuBL9myUICIouhGfCXY=
  dependencies:
    cliui "^6.0.0"
    decamelize "^1.2.0"
    find-up "^4.1.0"
    get-caller-file "^2.0.1"
    require-directory "^2.1.1"
    require-main-filename "^2.0.0"
    set-blocking "^2.0.0"
    string-width "^4.2.0"
    which-module "^2.0.0"
    y18n "^4.0.0"
    yargs-parser "^18.1.0"
